// !$*UTF8*$!
{
	archiveVersion = 1;
	classes = {
	};
	objectVersion = 46;
	objects = {
/* Begin PBXBuildFile section */
		00C302E51ABCBA2D00DB3ED1 /* libRCTActionSheet.a in Frameworks */ = {isa = PBXBuildFile; fileRef = 00C302AC1ABCB8CE00DB3ED1 /* libRCTActionSheet.a */; };
		00C302E71ABCBA2D00DB3ED1 /* libRCTGeolocation.a in Frameworks */ = {isa = PBXBuildFile; fileRef = 00C302BA1ABCB90400DB3ED1 /* libRCTGeolocation.a */; };
		00C302E81ABCBA2D00DB3ED1 /* libRCTImage.a in Frameworks */ = {isa = PBXBuildFile; fileRef = 00C302C01ABCB91800DB3ED1 /* libRCTImage.a */; };
		00C302E91ABCBA2D00DB3ED1 /* libRCTNetwork.a in Frameworks */ = {isa = PBXBuildFile; fileRef = 00C302DC1ABCB9D200DB3ED1 /* libRCTNetwork.a */; };
		00C302EA1ABCBA2D00DB3ED1 /* libRCTVibration.a in Frameworks */ = {isa = PBXBuildFile; fileRef = 00C302E41ABCB9EE00DB3ED1 /* libRCTVibration.a */; };
		00E356F31AD99517003FC87E /* hireasyTests.m in Sources */ = {isa = PBXBuildFile; fileRef = 00E356F21AD99517003FC87E /* hireasyTests.m */; };
		133E29F31AD74F7200F7D852 /* libRCTLinking.a in Frameworks */ = {isa = PBXBuildFile; fileRef = 78C398B91ACF4ADC00677621 /* libRCTLinking.a */; };
		139105C61AF99C1200B5F7CC /* libRCTSettings.a in Frameworks */ = {isa = PBXBuildFile; fileRef = 139105C11AF99BAD00B5F7CC /* libRCTSettings.a */; };
		139FDEF61B0652A700C62182 /* libRCTWebSocket.a in Frameworks */ = {isa = PBXBuildFile; fileRef = 139FDEF41B06529B00C62182 /* libRCTWebSocket.a */; };
		13B07FBC1A68108700A75B9A /* AppDelegate.m in Sources */ = {isa = PBXBuildFile; fileRef = 13B07FB01A68108700A75B9A /* AppDelegate.m */; };
		13B07FBD1A68108700A75B9A /* LaunchScreen.xib in Resources */ = {isa = PBXBuildFile; fileRef = 13B07FB11A68108700A75B9A /* LaunchScreen.xib */; };
		13B07FBF1A68108700A75B9A /* Images.xcassets in Resources */ = {isa = PBXBuildFile; fileRef = 13B07FB51A68108700A75B9A /* Images.xcassets */; };
		13B07FC11A68108700A75B9A /* main.m in Sources */ = {isa = PBXBuildFile; fileRef = 13B07FB71A68108700A75B9A /* main.m */; };
		140ED2AC1D01E1AD002B40FF /* libReact.a in Frameworks */ = {isa = PBXBuildFile; fileRef = 146834041AC3E56700842450 /* libReact.a */; };
		146834051AC3E58100842450 /* libReact.a in Frameworks */ = {isa = PBXBuildFile; fileRef = 146834041AC3E56700842450 /* libReact.a */; };
		832341BD1AAA6AB300B99B32 /* libRCTText.a in Frameworks */ = {isa = PBXBuildFile; fileRef = 832341B51AAA6A8300B99B32 /* libRCTText.a */; };
		B1EDA3099B4E4A68AC7A0688 /* libSplashScreen.a in Frameworks */ = {isa = PBXBuildFile; fileRef = 659A2599318D4EE682F859AE /* libSplashScreen.a */; };
		C6EAE6C2EC2643C296848D6C /* libRNVectorIcons.a in Frameworks */ = {isa = PBXBuildFile; fileRef = 96F7E87F60104DE79E029961 /* libRNVectorIcons.a */; };
		87333C542F854B4594F307AC /* libRCTVideo.a in Frameworks */ = {isa = PBXBuildFile; fileRef = D907CD04C42646EA99D8CEE2 /* libRCTVideo.a */; };
		5FF1CDB1F25748369F45DE6C /* Entypo.ttf in Resources */ = {isa = PBXBuildFile; fileRef = 8F214D1BC7054D8EA707B9D8 /* Entypo.ttf */; };
		1B551E5F09E24A8AA4984C61 /* EvilIcons.ttf in Resources */ = {isa = PBXBuildFile; fileRef = D51C3AEFAFF44F77815EAA39 /* EvilIcons.ttf */; };
		6BA3FD07D17944868B0F579E /* FontAwesome.ttf in Resources */ = {isa = PBXBuildFile; fileRef = E4D8F65DD5A3430E9CD20AEE /* FontAwesome.ttf */; };
		47A5273EDA9847AE8A08D397 /* Foundation.ttf in Resources */ = {isa = PBXBuildFile; fileRef = 1E6DBBB3440040D9AC2DC634 /* Foundation.ttf */; };
		1037246854404DB397A621A7 /* Ionicons.ttf in Resources */ = {isa = PBXBuildFile; fileRef = 14EE4B99EB0649CDB2FF4AD6 /* Ionicons.ttf */; };
		517CFC46CB9D412186F5EF50 /* MaterialIcons.ttf in Resources */ = {isa = PBXBuildFile; fileRef = 65850A8B04E64C31A69884F2 /* MaterialIcons.ttf */; };
		E029E443366F4930972809B7 /* Octicons.ttf in Resources */ = {isa = PBXBuildFile; fileRef = 0C75A54D1E9E4DF1AC0CACA0 /* Octicons.ttf */; };
		6DE3A08D1D354C448A8AE030 /* SimpleLineIcons.ttf in Resources */ = {isa = PBXBuildFile; fileRef = 0DA8D3BBC63840A996C9E944 /* SimpleLineIcons.ttf */; };
		7978A2F58DE14233ADE3A224 /* Zocial.ttf in Resources */ = {isa = PBXBuildFile; fileRef = EA6D2C8545534788BEFB0054 /* Zocial.ttf */; };
		7EAAE7E736804CB4BECE4CEB /* libBVLinearGradient.a in Frameworks */ = {isa = PBXBuildFile; fileRef = 3745642AAAC145738B190867 /* libBVLinearGradient.a */; };
		CC42760B31B54C348DEFEC46 /* libRNShare.a in Frameworks */ = {isa = PBXBuildFile; fileRef = BDA29841AFD4437DAD4FCFB9 /* libRNShare.a */; };
		DC5FDBC89959446E9AD47B3A /* rubicon-icon-font.ttf in Resources */ = {isa = PBXBuildFile; fileRef = 51FF7DB53DC84227A63B2CE1 /* rubicon-icon-font.ttf */; };
		CCB356C5F8A341E48F14B02C /* Rubik-Black.ttf in Resources */ = {isa = PBXBuildFile; fileRef = 25BAC50C774942D99175536F /* Rubik-Black.ttf */; };
		A1A638C4809E429A954FBDED /* Rubik-BlackItalic.ttf in Resources */ = {isa = PBXBuildFile; fileRef = 13D1298AC5324ED5A6CE7DDA /* Rubik-BlackItalic.ttf */; };
		14ED51C7D83A4CD3BB959D52 /* Rubik-Bold.ttf in Resources */ = {isa = PBXBuildFile; fileRef = 36008319EC0D414A96F98D94 /* Rubik-Bold.ttf */; };
		07E0A0B87CC94228B35B9782 /* Rubik-BoldItalic.ttf in Resources */ = {isa = PBXBuildFile; fileRef = 3D1FAC32600C47B5BBBE3A85 /* Rubik-BoldItalic.ttf */; };
		C5B99ACFB6A04FA5B36BEE69 /* Rubik-Italic.ttf in Resources */ = {isa = PBXBuildFile; fileRef = 07119EA25EED480AB40C0116 /* Rubik-Italic.ttf */; };
		02D80A8D562648CCA1BA5BB6 /* Rubik-Light.ttf in Resources */ = {isa = PBXBuildFile; fileRef = 758ABBEFA56246049D5AFD64 /* Rubik-Light.ttf */; };
		C94357BB77B64582932A2891 /* Rubik-LightItalic.ttf in Resources */ = {isa = PBXBuildFile; fileRef = 097792EE294449A799AADE55 /* Rubik-LightItalic.ttf */; };
		F0B13CFBF7EC44A5B3EAC828 /* Rubik-Medium.ttf in Resources */ = {isa = PBXBuildFile; fileRef = 1885D5442E6B41C99CE31255 /* Rubik-Medium.ttf */; };
		73C5080F5EA24B7BAA947DF7 /* Rubik-MediumItalic.ttf in Resources */ = {isa = PBXBuildFile; fileRef = 92129054CE6848B7A9562336 /* Rubik-MediumItalic.ttf */; };
		AC5CCDB5A33943F881689D03 /* Rubik-Regular.ttf in Resources */ = {isa = PBXBuildFile; fileRef = E81DD1BD5B554173BB15B541 /* Rubik-Regular.ttf */; };
		FDB9B2937B544E7F8136AA07 /* MaterialCommunityIcons.ttf in Resources */ = {isa = PBXBuildFile; fileRef = CB31B578E1BD4D3B89106F0B /* MaterialCommunityIcons.ttf */; };
		C9CA6C68D02C49C88D874BB0 /* Andale Mono.ttf in Resources */ = {isa = PBXBuildFile; fileRef = B3C4A0D9A62F4FD186E07A7B /* Andale Mono.ttf */; };
		F2ABA1DEFD544E2190BFBC23 /* Arial Black.ttf in Resources */ = {isa = PBXBuildFile; fileRef = 96B2CC8DC3DB4D31956685B2 /* Arial Black.ttf */; };
		70CAD3FCFD8E4250945E10BC /* Arial.ttf in Resources */ = {isa = PBXBuildFile; fileRef = 52672463FF584993BDC6B4B2 /* Arial.ttf */; };
		478741C330E24ACFBDDAE0A7 /* Comic Sans MS.ttf in Resources */ = {isa = PBXBuildFile; fileRef = BEF24EE8EE2A46F0923871BA /* Comic Sans MS.ttf */; };
		186074194EAD46249DD8D751 /* Courier New.ttf in Resources */ = {isa = PBXBuildFile; fileRef = B9E7AF77B988467D9EBA7D41 /* Courier New.ttf */; };
		912033C270FF4E7F9199363F /* Entypo.ttf in Resources */ = {isa = PBXBuildFile; fileRef = F1AA92617B274C26AAAEE4D6 /* Entypo.ttf */; };
		FEC350CEDC48484DAE7B2FA4 /* EvilIcons.ttf in Resources */ = {isa = PBXBuildFile; fileRef = EB338E1F43DA4A388E152433 /* EvilIcons.ttf */; };
		313F76481C4A41898A5FE9C1 /* FontAwesome.ttf in Resources */ = {isa = PBXBuildFile; fileRef = 55DCF11EF649458D95774EE8 /* FontAwesome.ttf */; };
		94E21E99584A40529C8BEC04 /* Foundation.ttf in Resources */ = {isa = PBXBuildFile; fileRef = EF95966113A94788B413B5CF /* Foundation.ttf */; };
		D386B66831D944DDBBE827D9 /* Georgia.ttf in Resources */ = {isa = PBXBuildFile; fileRef = FEFF48495762455F85A5C884 /* Georgia.ttf */; };
		5C09B5602A71474BA3006DEF /* Ionicons.ttf in Resources */ = {isa = PBXBuildFile; fileRef = 05999BA78F9B49239C256E11 /* Ionicons.ttf */; };
		31EAE8EFA4F6429F926ACEC5 /* MaterialIcons.ttf in Resources */ = {isa = PBXBuildFile; fileRef = 01F566E284A247108C4DA086 /* MaterialIcons.ttf */; };
		F756DD9C522A4E07BD85EE40 /* Microsoft Sans Serif.ttf in Resources */ = {isa = PBXBuildFile; fileRef = C3E21002E140411B8B054CA7 /* Microsoft Sans Serif.ttf */; };
		0E19261C295048198EE33B23 /* Octicons.ttf in Resources */ = {isa = PBXBuildFile; fileRef = 716A2D0218004D5EA15A3B5F /* Octicons.ttf */; };
		0E99E25828FA4036958B3D43 /* Roboto_medium.ttf in Resources */ = {isa = PBXBuildFile; fileRef = 89BB6CC251F741C0B58CD369 /* Roboto_medium.ttf */; };
		896B5C406CB246B0A31E654E /* Roboto.ttf in Resources */ = {isa = PBXBuildFile; fileRef = 9EB97C09D5A545F0AC164094 /* Roboto.ttf */; };
		3C27BBFB8F0A4853B777248C /* rubicon-icon-font.ttf in Resources */ = {isa = PBXBuildFile; fileRef = 0ABA3C0A6D69452C9229C9E2 /* rubicon-icon-font.ttf */; };
		30C8E0DD76AE4E2AB8C1C49D /* Rubik-Black.ttf in Resources */ = {isa = PBXBuildFile; fileRef = 70279B77C7C7405BA5D0B469 /* Rubik-Black.ttf */; };
		7AB293E6A19840E1B7DAC5B1 /* Rubik-BlackItalic.ttf in Resources */ = {isa = PBXBuildFile; fileRef = 35482146FC914DFCB6BE494F /* Rubik-BlackItalic.ttf */; };
		345887AD7A944C598038D1D3 /* Rubik-Bold.ttf in Resources */ = {isa = PBXBuildFile; fileRef = FD3663FD5B904E5B924D1DE1 /* Rubik-Bold.ttf */; };
		EBDCDCAA2CB04A5C9F3C5AD0 /* Rubik-BoldItalic.ttf in Resources */ = {isa = PBXBuildFile; fileRef = 4216415E08834D46AE792124 /* Rubik-BoldItalic.ttf */; };
		23F7F6D1743F47ECAA6CC9B8 /* Rubik-Italic.ttf in Resources */ = {isa = PBXBuildFile; fileRef = D3B72F2B369D4D0E8ACC352F /* Rubik-Italic.ttf */; };
		3FB125C9FD1D43F99B2B1192 /* Rubik-Light.ttf in Resources */ = {isa = PBXBuildFile; fileRef = F7524A8F36564F18BED12C8F /* Rubik-Light.ttf */; };
		C8D3DCB399534BAAAA841B71 /* Rubik-LightItalic.ttf in Resources */ = {isa = PBXBuildFile; fileRef = 80B18887F7A541D183E676AF /* Rubik-LightItalic.ttf */; };
		3C48AD64F56E4F449AD481A5 /* Rubik-Medium.ttf in Resources */ = {isa = PBXBuildFile; fileRef = A73484385F994933B9F238C1 /* Rubik-Medium.ttf */; };
		6CCEF452217F4D75B6294EBD /* Rubik-MediumItalic.ttf in Resources */ = {isa = PBXBuildFile; fileRef = F7D25056A935457B8FE61AE4 /* Rubik-MediumItalic.ttf */; };
		AEAC754D8B0D4B398EF678AC /* Rubik-Regular.ttf in Resources */ = {isa = PBXBuildFile; fileRef = 1DE90D5C9D08448C9D723C1D /* Rubik-Regular.ttf */; };
		A4DB9F8D88B94CF0BE138AEC /* SanFrancisco.ttf in Resources */ = {isa = PBXBuildFile; fileRef = AC0B6C89C4D44B9C8BCB4ED0 /* SanFrancisco.ttf */; };
		BEF4B40F9F204E4887284624 /* SanFranciscoBold.ttf in Resources */ = {isa = PBXBuildFile; fileRef = 162C630FF1504412A94E007C /* SanFranciscoBold.ttf */; };
		A8DC8FDB25D04B1FAC7B54EA /* SanFranciscoThin.ttf in Resources */ = {isa = PBXBuildFile; fileRef = FE1E7ABC8F9D46248FA966AF /* SanFranciscoThin.ttf */; };
		1727F633FC3045EC90EB51B8 /* SF-UI-Text-Regular.otf in Resources */ = {isa = PBXBuildFile; fileRef = ACB610A7AEA44B3BA7B19386 /* SF-UI-Text-Regular.otf */; };
		02A03BF1963F4E82808DB6CA /* Skia.ttf in Resources */ = {isa = PBXBuildFile; fileRef = 9DBE11D85BE048A5B6658FD5 /* Skia.ttf */; };
		9DAB3AA9828345E08F43E992 /* Times New Roman.ttf in Resources */ = {isa = PBXBuildFile; fileRef = 89C519D9247F4B81AB1FC820 /* Times New Roman.ttf */; };
		FE200D0DC72142FAB25B3605 /* Zocial.ttf in Resources */ = {isa = PBXBuildFile; fileRef = A4FCBB1FF7BB4A1A94B5FC68 /* Zocial.ttf */; };
/* End PBXBuildFile section */

/* Begin PBXContainerItemProxy section */
		00C302AB1ABCB8CE00DB3ED1 /* PBXContainerItemProxy */ = {
			isa = PBXContainerItemProxy;
			containerPortal = 00C302A71ABCB8CE00DB3ED1 /* RCTActionSheet.xcodeproj */;
			proxyType = 2;
			remoteGlobalIDString = 134814201AA4EA6300B7C361;
			remoteInfo = RCTActionSheet;
		};
		00C302B91ABCB90400DB3ED1 /* PBXContainerItemProxy */ = {
			isa = PBXContainerItemProxy;
			containerPortal = 00C302B51ABCB90400DB3ED1 /* RCTGeolocation.xcodeproj */;
			proxyType = 2;
			remoteGlobalIDString = 134814201AA4EA6300B7C361;
			remoteInfo = RCTGeolocation;
		};
		00C302BF1ABCB91800DB3ED1 /* PBXContainerItemProxy */ = {
			isa = PBXContainerItemProxy;
			containerPortal = 00C302BB1ABCB91800DB3ED1 /* RCTImage.xcodeproj */;
			proxyType = 2;
			remoteGlobalIDString = 58B5115D1A9E6B3D00147676;
			remoteInfo = RCTImage;
		};
		00C302DB1ABCB9D200DB3ED1 /* PBXContainerItemProxy */ = {
			isa = PBXContainerItemProxy;
			containerPortal = 00C302D31ABCB9D200DB3ED1 /* RCTNetwork.xcodeproj */;
			proxyType = 2;
			remoteGlobalIDString = 58B511DB1A9E6C8500147676;
			remoteInfo = RCTNetwork;
		};
		00C302E31ABCB9EE00DB3ED1 /* PBXContainerItemProxy */ = {
			isa = PBXContainerItemProxy;
			containerPortal = 00C302DF1ABCB9EE00DB3ED1 /* RCTVibration.xcodeproj */;
			proxyType = 2;
			remoteGlobalIDString = 832C81801AAF6DEF007FA2F7;
			remoteInfo = RCTVibration;
		};
		00E356F41AD99517003FC87E /* PBXContainerItemProxy */ = {
			isa = PBXContainerItemProxy;
			containerPortal = 83CBB9F71A601CBA00E9B192 /* Project object */;
			proxyType = 1;
			remoteGlobalIDString = 13B07F861A680F5B00A75B9A;
			remoteInfo = hireasy;
		};
		139105C01AF99BAD00B5F7CC /* PBXContainerItemProxy */ = {
			isa = PBXContainerItemProxy;
			containerPortal = 139105B61AF99BAD00B5F7CC /* RCTSettings.xcodeproj */;
			proxyType = 2;
			remoteGlobalIDString = 134814201AA4EA6300B7C361;
			remoteInfo = RCTSettings;
		};
		139FDEF31B06529B00C62182 /* PBXContainerItemProxy */ = {
			isa = PBXContainerItemProxy;
			containerPortal = 139FDEE61B06529A00C62182 /* RCTWebSocket.xcodeproj */;
			proxyType = 2;
			remoteGlobalIDString = 3C86DF461ADF2C930047B81A;
			remoteInfo = RCTWebSocket;
		};
		146834031AC3E56700842450 /* PBXContainerItemProxy */ = {
			isa = PBXContainerItemProxy;
			containerPortal = 146833FF1AC3E56700842450 /* React.xcodeproj */;
			proxyType = 2;
			remoteGlobalIDString = 83CBBA2E1A601D0E00E9B192;
			remoteInfo = React;
		};
		78C398B81ACF4ADC00677621 /* PBXContainerItemProxy */ = {
			isa = PBXContainerItemProxy;
			containerPortal = 78C398B01ACF4ADC00677621 /* RCTLinking.xcodeproj */;
			proxyType = 2;
			remoteGlobalIDString = 134814201AA4EA6300B7C361;
			remoteInfo = RCTLinking;
		};
		832341B41AAA6A8300B99B32 /* PBXContainerItemProxy */ = {
			isa = PBXContainerItemProxy;
			containerPortal = 832341B01AAA6A8300B99B32 /* RCTText.xcodeproj */;
			proxyType = 2;
			remoteGlobalIDString = 58B5119B1A9E6C1200147676;
			remoteInfo = RCTText;
		};
/* End PBXContainerItemProxy section */

/* Begin PBXFileReference section */
		008F07F21AC5B25A0029DE68 /* main.jsbundle */ = {isa = PBXFileReference; fileEncoding = 4; lastKnownFileType = text; name = main.jsbundle; path = main.jsbundle; sourceTree = "<group>"; };
		00C302A71ABCB8CE00DB3ED1 /* RCTActionSheet.xcodeproj */ = {isa = PBXFileReference; lastKnownFileType = "wrapper.pb-project"; name = RCTActionSheet.xcodeproj; path = ../node_modules/react-native/Libraries/ActionSheetIOS/RCTActionSheet.xcodeproj; sourceTree = "<group>"; };
		00C302B51ABCB90400DB3ED1 /* RCTGeolocation.xcodeproj */ = {isa = PBXFileReference; lastKnownFileType = "wrapper.pb-project"; name = RCTGeolocation.xcodeproj; path = ../node_modules/react-native/Libraries/Geolocation/RCTGeolocation.xcodeproj; sourceTree = "<group>"; };
		00C302BB1ABCB91800DB3ED1 /* RCTImage.xcodeproj */ = {isa = PBXFileReference; lastKnownFileType = "wrapper.pb-project"; name = RCTImage.xcodeproj; path = ../node_modules/react-native/Libraries/Image/RCTImage.xcodeproj; sourceTree = "<group>"; };
		00C302D31ABCB9D200DB3ED1 /* RCTNetwork.xcodeproj */ = {isa = PBXFileReference; lastKnownFileType = "wrapper.pb-project"; name = RCTNetwork.xcodeproj; path = ../node_modules/react-native/Libraries/Network/RCTNetwork.xcodeproj; sourceTree = "<group>"; };
		00C302DF1ABCB9EE00DB3ED1 /* RCTVibration.xcodeproj */ = {isa = PBXFileReference; lastKnownFileType = "wrapper.pb-project"; name = RCTVibration.xcodeproj; path = ../node_modules/react-native/Libraries/Vibration/RCTVibration.xcodeproj; sourceTree = "<group>"; };
		00E356EE1AD99517003FC87E /* hireasyTests.xctest */ = {isa = PBXFileReference; explicitFileType = wrapper.cfbundle; includeInIndex = 0; path = hireasyTests.xctest; sourceTree = BUILT_PRODUCTS_DIR; };
		00E356F11AD99517003FC87E /* Info.plist */ = {isa = PBXFileReference; lastKnownFileType = text.plist.xml; path = Info.plist; sourceTree = "<group>"; };
		00E356F21AD99517003FC87E /* hireasyTests.m */ = {isa = PBXFileReference; lastKnownFileType = sourcecode.c.objc; path = hireasyTests.m; sourceTree = "<group>"; };
		139105B61AF99BAD00B5F7CC /* RCTSettings.xcodeproj */ = {isa = PBXFileReference; lastKnownFileType = "wrapper.pb-project"; name = RCTSettings.xcodeproj; path = ../node_modules/react-native/Libraries/Settings/RCTSettings.xcodeproj; sourceTree = "<group>"; };
		139FDEE61B06529A00C62182 /* RCTWebSocket.xcodeproj */ = {isa = PBXFileReference; lastKnownFileType = "wrapper.pb-project"; name = RCTWebSocket.xcodeproj; path = ../node_modules/react-native/Libraries/WebSocket/RCTWebSocket.xcodeproj; sourceTree = "<group>"; };
		13B07F961A680F5B00A75B9A /* hireasy.app */ = {isa = PBXFileReference; explicitFileType = wrapper.application; includeInIndex = 0; path = hireasy.app; sourceTree = BUILT_PRODUCTS_DIR; };
		13B07FAF1A68108700A75B9A /* AppDelegate.h */ = {isa = PBXFileReference; fileEncoding = 4; lastKnownFileType = sourcecode.c.h; name = AppDelegate.h; path = hireasy/AppDelegate.h; sourceTree = "<group>"; };
		13B07FB01A68108700A75B9A /* AppDelegate.m */ = {isa = PBXFileReference; fileEncoding = 4; lastKnownFileType = sourcecode.c.objc; name = AppDelegate.m; path = hireasy/AppDelegate.m; sourceTree = "<group>"; };
		13B07FB21A68108700A75B9A /* Base */ = {isa = PBXFileReference; lastKnownFileType = file.xib; name = Base; path = Base.lproj/LaunchScreen.xib; sourceTree = "<group>"; };
		13B07FB51A68108700A75B9A /* Images.xcassets */ = {isa = PBXFileReference; lastKnownFileType = folder.assetcatalog; name = Images.xcassets; path = hireasy/Images.xcassets; sourceTree = "<group>"; };
		13B07FB61A68108700A75B9A /* Info.plist */ = {isa = PBXFileReference; fileEncoding = 4; lastKnownFileType = text.plist.xml; name = Info.plist; path = hireasy/Info.plist; sourceTree = "<group>"; };
		13B07FB71A68108700A75B9A /* main.m */ = {isa = PBXFileReference; fileEncoding = 4; lastKnownFileType = sourcecode.c.objc; name = main.m; path = hireasy/main.m; sourceTree = "<group>"; };
		146833FF1AC3E56700842450 /* React.xcodeproj */ = {isa = PBXFileReference; lastKnownFileType = "wrapper.pb-project"; name = React.xcodeproj; path = ../node_modules/react-native/React/React.xcodeproj; sourceTree = "<group>"; };
		78C398B01ACF4ADC00677621 /* RCTLinking.xcodeproj */ = {isa = PBXFileReference; lastKnownFileType = "wrapper.pb-project"; name = RCTLinking.xcodeproj; path = ../node_modules/react-native/Libraries/LinkingIOS/RCTLinking.xcodeproj; sourceTree = "<group>"; };
		832341B01AAA6A8300B99B32 /* RCTText.xcodeproj */ = {isa = PBXFileReference; lastKnownFileType = "wrapper.pb-project"; name = RCTText.xcodeproj; path = ../node_modules/react-native/Libraries/Text/RCTText.xcodeproj; sourceTree = "<group>"; };
		3D4ADEF4E61A44E6812E2296 /* SplashScreen.xcodeproj */ = {isa = PBXFileReference; name = "SplashScreen.xcodeproj"; path = "../node_modules/react-native-splash-screen/ios/SplashScreen.xcodeproj"; sourceTree = "<group>"; fileEncoding = undefined; lastKnownFileType = wrapper.pb-project; explicitFileType = undefined; includeInIndex = 0; };
		659A2599318D4EE682F859AE /* libSplashScreen.a */ = {isa = PBXFileReference; name = "libSplashScreen.a"; path = "libSplashScreen.a"; sourceTree = "<group>"; fileEncoding = undefined; lastKnownFileType = archive.ar; explicitFileType = undefined; includeInIndex = 0; };
		BBB8F063A2934330ABB2ABC5 /* RNVectorIcons.xcodeproj */ = {isa = PBXFileReference; name = "RNVectorIcons.xcodeproj"; path = "../node_modules/react-native-vector-icons/RNVectorIcons.xcodeproj"; sourceTree = "<group>"; fileEncoding = undefined; lastKnownFileType = wrapper.pb-project; explicitFileType = undefined; includeInIndex = 0; };
		96F7E87F60104DE79E029961 /* libRNVectorIcons.a */ = {isa = PBXFileReference; name = "libRNVectorIcons.a"; path = "libRNVectorIcons.a"; sourceTree = "<group>"; fileEncoding = undefined; lastKnownFileType = archive.ar; explicitFileType = undefined; includeInIndex = 0; };
		D5B80A354F764BBBA4A0425E /* RCTVideo.xcodeproj */ = {isa = PBXFileReference; name = "RCTVideo.xcodeproj"; path = "../node_modules/react-native-video/RCTVideo.xcodeproj"; sourceTree = "<group>"; fileEncoding = undefined; lastKnownFileType = wrapper.pb-project; explicitFileType = undefined; includeInIndex = 0; };
		D907CD04C42646EA99D8CEE2 /* libRCTVideo.a */ = {isa = PBXFileReference; name = "libRCTVideo.a"; path = "libRCTVideo.a"; sourceTree = "<group>"; fileEncoding = undefined; lastKnownFileType = archive.ar; explicitFileType = undefined; includeInIndex = 0; };
		8F214D1BC7054D8EA707B9D8 /* Entypo.ttf */ = {isa = PBXFileReference; name = "Entypo.ttf"; path = "../node_modules/react-native-vector-icons/Fonts/Entypo.ttf"; sourceTree = "<group>"; fileEncoding = undefined; lastKnownFileType = unknown; explicitFileType = undefined; includeInIndex = 0; };
		D51C3AEFAFF44F77815EAA39 /* EvilIcons.ttf */ = {isa = PBXFileReference; name = "EvilIcons.ttf"; path = "../node_modules/react-native-vector-icons/Fonts/EvilIcons.ttf"; sourceTree = "<group>"; fileEncoding = undefined; lastKnownFileType = unknown; explicitFileType = undefined; includeInIndex = 0; };
		E4D8F65DD5A3430E9CD20AEE /* FontAwesome.ttf */ = {isa = PBXFileReference; name = "FontAwesome.ttf"; path = "../node_modules/react-native-vector-icons/Fonts/FontAwesome.ttf"; sourceTree = "<group>"; fileEncoding = undefined; lastKnownFileType = unknown; explicitFileType = undefined; includeInIndex = 0; };
		1E6DBBB3440040D9AC2DC634 /* Foundation.ttf */ = {isa = PBXFileReference; name = "Foundation.ttf"; path = "../node_modules/react-native-vector-icons/Fonts/Foundation.ttf"; sourceTree = "<group>"; fileEncoding = undefined; lastKnownFileType = unknown; explicitFileType = undefined; includeInIndex = 0; };
		14EE4B99EB0649CDB2FF4AD6 /* Ionicons.ttf */ = {isa = PBXFileReference; name = "Ionicons.ttf"; path = "../node_modules/react-native-vector-icons/Fonts/Ionicons.ttf"; sourceTree = "<group>"; fileEncoding = undefined; lastKnownFileType = unknown; explicitFileType = undefined; includeInIndex = 0; };
		65850A8B04E64C31A69884F2 /* MaterialIcons.ttf */ = {isa = PBXFileReference; name = "MaterialIcons.ttf"; path = "../node_modules/react-native-vector-icons/Fonts/MaterialIcons.ttf"; sourceTree = "<group>"; fileEncoding = undefined; lastKnownFileType = unknown; explicitFileType = undefined; includeInIndex = 0; };
		0C75A54D1E9E4DF1AC0CACA0 /* Octicons.ttf */ = {isa = PBXFileReference; name = "Octicons.ttf"; path = "../node_modules/react-native-vector-icons/Fonts/Octicons.ttf"; sourceTree = "<group>"; fileEncoding = undefined; lastKnownFileType = unknown; explicitFileType = undefined; includeInIndex = 0; };
		0DA8D3BBC63840A996C9E944 /* SimpleLineIcons.ttf */ = {isa = PBXFileReference; name = "SimpleLineIcons.ttf"; path = "../node_modules/react-native-vector-icons/Fonts/SimpleLineIcons.ttf"; sourceTree = "<group>"; fileEncoding = undefined; lastKnownFileType = unknown; explicitFileType = undefined; includeInIndex = 0; };
		EA6D2C8545534788BEFB0054 /* Zocial.ttf */ = {isa = PBXFileReference; name = "Zocial.ttf"; path = "../node_modules/react-native-vector-icons/Fonts/Zocial.ttf"; sourceTree = "<group>"; fileEncoding = undefined; lastKnownFileType = unknown; explicitFileType = undefined; includeInIndex = 0; };
		835A1258DC5C46E8AA8C12D2 /* BVLinearGradient.xcodeproj */ = {isa = PBXFileReference; name = "BVLinearGradient.xcodeproj"; path = "../node_modules/react-native-linear-gradient/BVLinearGradient.xcodeproj"; sourceTree = "<group>"; fileEncoding = undefined; lastKnownFileType = wrapper.pb-project; explicitFileType = undefined; includeInIndex = 0; };
		3745642AAAC145738B190867 /* libBVLinearGradient.a */ = {isa = PBXFileReference; name = "libBVLinearGradient.a"; path = "libBVLinearGradient.a"; sourceTree = "<group>"; fileEncoding = undefined; lastKnownFileType = archive.ar; explicitFileType = undefined; includeInIndex = 0; };
		6027BAFAFF244AD3B6B903E5 /* RNShare.xcodeproj */ = {isa = PBXFileReference; name = "RNShare.xcodeproj"; path = "../node_modules/react-native-share/ios/RNShare.xcodeproj"; sourceTree = "<group>"; fileEncoding = undefined; lastKnownFileType = wrapper.pb-project; explicitFileType = undefined; includeInIndex = 0; };
		BDA29841AFD4437DAD4FCFB9 /* libRNShare.a */ = {isa = PBXFileReference; name = "libRNShare.a"; path = "libRNShare.a"; sourceTree = "<group>"; fileEncoding = undefined; lastKnownFileType = archive.ar; explicitFileType = undefined; includeInIndex = 0; };
		51FF7DB53DC84227A63B2CE1 /* rubicon-icon-font.ttf */ = {isa = PBXFileReference; name = "rubicon-icon-font.ttf"; path = "../node_modules/@shoutem/ui/fonts/rubicon-icon-font.ttf"; sourceTree = "<group>"; fileEncoding = undefined; lastKnownFileType = unknown; explicitFileType = undefined; includeInIndex = 0; };
		25BAC50C774942D99175536F /* Rubik-Black.ttf */ = {isa = PBXFileReference; name = "Rubik-Black.ttf"; path = "../node_modules/@shoutem/ui/fonts/Rubik-Black.ttf"; sourceTree = "<group>"; fileEncoding = undefined; lastKnownFileType = unknown; explicitFileType = undefined; includeInIndex = 0; };
		13D1298AC5324ED5A6CE7DDA /* Rubik-BlackItalic.ttf */ = {isa = PBXFileReference; name = "Rubik-BlackItalic.ttf"; path = "../node_modules/@shoutem/ui/fonts/Rubik-BlackItalic.ttf"; sourceTree = "<group>"; fileEncoding = undefined; lastKnownFileType = unknown; explicitFileType = undefined; includeInIndex = 0; };
		36008319EC0D414A96F98D94 /* Rubik-Bold.ttf */ = {isa = PBXFileReference; name = "Rubik-Bold.ttf"; path = "../node_modules/@shoutem/ui/fonts/Rubik-Bold.ttf"; sourceTree = "<group>"; fileEncoding = undefined; lastKnownFileType = unknown; explicitFileType = undefined; includeInIndex = 0; };
		3D1FAC32600C47B5BBBE3A85 /* Rubik-BoldItalic.ttf */ = {isa = PBXFileReference; name = "Rubik-BoldItalic.ttf"; path = "../node_modules/@shoutem/ui/fonts/Rubik-BoldItalic.ttf"; sourceTree = "<group>"; fileEncoding = undefined; lastKnownFileType = unknown; explicitFileType = undefined; includeInIndex = 0; };
		07119EA25EED480AB40C0116 /* Rubik-Italic.ttf */ = {isa = PBXFileReference; name = "Rubik-Italic.ttf"; path = "../node_modules/@shoutem/ui/fonts/Rubik-Italic.ttf"; sourceTree = "<group>"; fileEncoding = undefined; lastKnownFileType = unknown; explicitFileType = undefined; includeInIndex = 0; };
		758ABBEFA56246049D5AFD64 /* Rubik-Light.ttf */ = {isa = PBXFileReference; name = "Rubik-Light.ttf"; path = "../node_modules/@shoutem/ui/fonts/Rubik-Light.ttf"; sourceTree = "<group>"; fileEncoding = undefined; lastKnownFileType = unknown; explicitFileType = undefined; includeInIndex = 0; };
		097792EE294449A799AADE55 /* Rubik-LightItalic.ttf */ = {isa = PBXFileReference; name = "Rubik-LightItalic.ttf"; path = "../node_modules/@shoutem/ui/fonts/Rubik-LightItalic.ttf"; sourceTree = "<group>"; fileEncoding = undefined; lastKnownFileType = unknown; explicitFileType = undefined; includeInIndex = 0; };
		1885D5442E6B41C99CE31255 /* Rubik-Medium.ttf */ = {isa = PBXFileReference; name = "Rubik-Medium.ttf"; path = "../node_modules/@shoutem/ui/fonts/Rubik-Medium.ttf"; sourceTree = "<group>"; fileEncoding = undefined; lastKnownFileType = unknown; explicitFileType = undefined; includeInIndex = 0; };
		92129054CE6848B7A9562336 /* Rubik-MediumItalic.ttf */ = {isa = PBXFileReference; name = "Rubik-MediumItalic.ttf"; path = "../node_modules/@shoutem/ui/fonts/Rubik-MediumItalic.ttf"; sourceTree = "<group>"; fileEncoding = undefined; lastKnownFileType = unknown; explicitFileType = undefined; includeInIndex = 0; };
		E81DD1BD5B554173BB15B541 /* Rubik-Regular.ttf */ = {isa = PBXFileReference; name = "Rubik-Regular.ttf"; path = "../node_modules/@shoutem/ui/fonts/Rubik-Regular.ttf"; sourceTree = "<group>"; fileEncoding = undefined; lastKnownFileType = unknown; explicitFileType = undefined; includeInIndex = 0; };
		CB31B578E1BD4D3B89106F0B /* MaterialCommunityIcons.ttf */ = {isa = PBXFileReference; name = "MaterialCommunityIcons.ttf"; path = "../node_modules/react-native-vector-icons/Fonts/MaterialCommunityIcons.ttf"; sourceTree = "<group>"; fileEncoding = undefined; lastKnownFileType = unknown; explicitFileType = undefined; includeInIndex = 0; };
		B3C4A0D9A62F4FD186E07A7B /* Andale Mono.ttf */ = {isa = PBXFileReference; name = "Andale Mono.ttf"; path = "../node_modules/native-base/Fonts/Andale Mono.ttf"; sourceTree = "<group>"; fileEncoding = undefined; lastKnownFileType = unknown; explicitFileType = undefined; includeInIndex = 0; };
		96B2CC8DC3DB4D31956685B2 /* Arial Black.ttf */ = {isa = PBXFileReference; name = "Arial Black.ttf"; path = "../node_modules/native-base/Fonts/Arial Black.ttf"; sourceTree = "<group>"; fileEncoding = undefined; lastKnownFileType = unknown; explicitFileType = undefined; includeInIndex = 0; };
		52672463FF584993BDC6B4B2 /* Arial.ttf */ = {isa = PBXFileReference; name = "Arial.ttf"; path = "../node_modules/native-base/Fonts/Arial.ttf"; sourceTree = "<group>"; fileEncoding = undefined; lastKnownFileType = unknown; explicitFileType = undefined; includeInIndex = 0; };
		BEF24EE8EE2A46F0923871BA /* Comic Sans MS.ttf */ = {isa = PBXFileReference; name = "Comic Sans MS.ttf"; path = "../node_modules/native-base/Fonts/Comic Sans MS.ttf"; sourceTree = "<group>"; fileEncoding = undefined; lastKnownFileType = unknown; explicitFileType = undefined; includeInIndex = 0; };
		B9E7AF77B988467D9EBA7D41 /* Courier New.ttf */ = {isa = PBXFileReference; name = "Courier New.ttf"; path = "../node_modules/native-base/Fonts/Courier New.ttf"; sourceTree = "<group>"; fileEncoding = undefined; lastKnownFileType = unknown; explicitFileType = undefined; includeInIndex = 0; };
		F1AA92617B274C26AAAEE4D6 /* Entypo.ttf */ = {isa = PBXFileReference; name = "Entypo.ttf"; path = "../node_modules/native-base/Fonts/Entypo.ttf"; sourceTree = "<group>"; fileEncoding = undefined; lastKnownFileType = unknown; explicitFileType = undefined; includeInIndex = 0; };
		EB338E1F43DA4A388E152433 /* EvilIcons.ttf */ = {isa = PBXFileReference; name = "EvilIcons.ttf"; path = "../node_modules/native-base/Fonts/EvilIcons.ttf"; sourceTree = "<group>"; fileEncoding = undefined; lastKnownFileType = unknown; explicitFileType = undefined; includeInIndex = 0; };
		55DCF11EF649458D95774EE8 /* FontAwesome.ttf */ = {isa = PBXFileReference; name = "FontAwesome.ttf"; path = "../node_modules/native-base/Fonts/FontAwesome.ttf"; sourceTree = "<group>"; fileEncoding = undefined; lastKnownFileType = unknown; explicitFileType = undefined; includeInIndex = 0; };
		EF95966113A94788B413B5CF /* Foundation.ttf */ = {isa = PBXFileReference; name = "Foundation.ttf"; path = "../node_modules/native-base/Fonts/Foundation.ttf"; sourceTree = "<group>"; fileEncoding = undefined; lastKnownFileType = unknown; explicitFileType = undefined; includeInIndex = 0; };
		FEFF48495762455F85A5C884 /* Georgia.ttf */ = {isa = PBXFileReference; name = "Georgia.ttf"; path = "../node_modules/native-base/Fonts/Georgia.ttf"; sourceTree = "<group>"; fileEncoding = undefined; lastKnownFileType = unknown; explicitFileType = undefined; includeInIndex = 0; };
		05999BA78F9B49239C256E11 /* Ionicons.ttf */ = {isa = PBXFileReference; name = "Ionicons.ttf"; path = "../node_modules/native-base/Fonts/Ionicons.ttf"; sourceTree = "<group>"; fileEncoding = undefined; lastKnownFileType = unknown; explicitFileType = undefined; includeInIndex = 0; };
		01F566E284A247108C4DA086 /* MaterialIcons.ttf */ = {isa = PBXFileReference; name = "MaterialIcons.ttf"; path = "../node_modules/native-base/Fonts/MaterialIcons.ttf"; sourceTree = "<group>"; fileEncoding = undefined; lastKnownFileType = unknown; explicitFileType = undefined; includeInIndex = 0; };
		C3E21002E140411B8B054CA7 /* Microsoft Sans Serif.ttf */ = {isa = PBXFileReference; name = "Microsoft Sans Serif.ttf"; path = "../node_modules/native-base/Fonts/Microsoft Sans Serif.ttf"; sourceTree = "<group>"; fileEncoding = undefined; lastKnownFileType = unknown; explicitFileType = undefined; includeInIndex = 0; };
		716A2D0218004D5EA15A3B5F /* Octicons.ttf */ = {isa = PBXFileReference; name = "Octicons.ttf"; path = "../node_modules/native-base/Fonts/Octicons.ttf"; sourceTree = "<group>"; fileEncoding = undefined; lastKnownFileType = unknown; explicitFileType = undefined; includeInIndex = 0; };
		89BB6CC251F741C0B58CD369 /* Roboto_medium.ttf */ = {isa = PBXFileReference; name = "Roboto_medium.ttf"; path = "../node_modules/native-base/Fonts/Roboto_medium.ttf"; sourceTree = "<group>"; fileEncoding = undefined; lastKnownFileType = unknown; explicitFileType = undefined; includeInIndex = 0; };
		9EB97C09D5A545F0AC164094 /* Roboto.ttf */ = {isa = PBXFileReference; name = "Roboto.ttf"; path = "../node_modules/native-base/Fonts/Roboto.ttf"; sourceTree = "<group>"; fileEncoding = undefined; lastKnownFileType = unknown; explicitFileType = undefined; includeInIndex = 0; };
		0ABA3C0A6D69452C9229C9E2 /* rubicon-icon-font.ttf */ = {isa = PBXFileReference; name = "rubicon-icon-font.ttf"; path = "../node_modules/native-base/Fonts/rubicon-icon-font.ttf"; sourceTree = "<group>"; fileEncoding = undefined; lastKnownFileType = unknown; explicitFileType = undefined; includeInIndex = 0; };
		70279B77C7C7405BA5D0B469 /* Rubik-Black.ttf */ = {isa = PBXFileReference; name = "Rubik-Black.ttf"; path = "../node_modules/native-base/Fonts/Rubik-Black.ttf"; sourceTree = "<group>"; fileEncoding = undefined; lastKnownFileType = unknown; explicitFileType = undefined; includeInIndex = 0; };
		35482146FC914DFCB6BE494F /* Rubik-BlackItalic.ttf */ = {isa = PBXFileReference; name = "Rubik-BlackItalic.ttf"; path = "../node_modules/native-base/Fonts/Rubik-BlackItalic.ttf"; sourceTree = "<group>"; fileEncoding = undefined; lastKnownFileType = unknown; explicitFileType = undefined; includeInIndex = 0; };
		FD3663FD5B904E5B924D1DE1 /* Rubik-Bold.ttf */ = {isa = PBXFileReference; name = "Rubik-Bold.ttf"; path = "../node_modules/native-base/Fonts/Rubik-Bold.ttf"; sourceTree = "<group>"; fileEncoding = undefined; lastKnownFileType = unknown; explicitFileType = undefined; includeInIndex = 0; };
		4216415E08834D46AE792124 /* Rubik-BoldItalic.ttf */ = {isa = PBXFileReference; name = "Rubik-BoldItalic.ttf"; path = "../node_modules/native-base/Fonts/Rubik-BoldItalic.ttf"; sourceTree = "<group>"; fileEncoding = undefined; lastKnownFileType = unknown; explicitFileType = undefined; includeInIndex = 0; };
		D3B72F2B369D4D0E8ACC352F /* Rubik-Italic.ttf */ = {isa = PBXFileReference; name = "Rubik-Italic.ttf"; path = "../node_modules/native-base/Fonts/Rubik-Italic.ttf"; sourceTree = "<group>"; fileEncoding = undefined; lastKnownFileType = unknown; explicitFileType = undefined; includeInIndex = 0; };
		F7524A8F36564F18BED12C8F /* Rubik-Light.ttf */ = {isa = PBXFileReference; name = "Rubik-Light.ttf"; path = "../node_modules/native-base/Fonts/Rubik-Light.ttf"; sourceTree = "<group>"; fileEncoding = undefined; lastKnownFileType = unknown; explicitFileType = undefined; includeInIndex = 0; };
		80B18887F7A541D183E676AF /* Rubik-LightItalic.ttf */ = {isa = PBXFileReference; name = "Rubik-LightItalic.ttf"; path = "../node_modules/native-base/Fonts/Rubik-LightItalic.ttf"; sourceTree = "<group>"; fileEncoding = undefined; lastKnownFileType = unknown; explicitFileType = undefined; includeInIndex = 0; };
		A73484385F994933B9F238C1 /* Rubik-Medium.ttf */ = {isa = PBXFileReference; name = "Rubik-Medium.ttf"; path = "../node_modules/native-base/Fonts/Rubik-Medium.ttf"; sourceTree = "<group>"; fileEncoding = undefined; lastKnownFileType = unknown; explicitFileType = undefined; includeInIndex = 0; };
		F7D25056A935457B8FE61AE4 /* Rubik-MediumItalic.ttf */ = {isa = PBXFileReference; name = "Rubik-MediumItalic.ttf"; path = "../node_modules/native-base/Fonts/Rubik-MediumItalic.ttf"; sourceTree = "<group>"; fileEncoding = undefined; lastKnownFileType = unknown; explicitFileType = undefined; includeInIndex = 0; };
		1DE90D5C9D08448C9D723C1D /* Rubik-Regular.ttf */ = {isa = PBXFileReference; name = "Rubik-Regular.ttf"; path = "../node_modules/native-base/Fonts/Rubik-Regular.ttf"; sourceTree = "<group>"; fileEncoding = undefined; lastKnownFileType = unknown; explicitFileType = undefined; includeInIndex = 0; };
		AC0B6C89C4D44B9C8BCB4ED0 /* SanFrancisco.ttf */ = {isa = PBXFileReference; name = "SanFrancisco.ttf"; path = "../node_modules/native-base/Fonts/SanFrancisco.ttf"; sourceTree = "<group>"; fileEncoding = undefined; lastKnownFileType = unknown; explicitFileType = undefined; includeInIndex = 0; };
		162C630FF1504412A94E007C /* SanFranciscoBold.ttf */ = {isa = PBXFileReference; name = "SanFranciscoBold.ttf"; path = "../node_modules/native-base/Fonts/SanFranciscoBold.ttf"; sourceTree = "<group>"; fileEncoding = undefined; lastKnownFileType = unknown; explicitFileType = undefined; includeInIndex = 0; };
		FE1E7ABC8F9D46248FA966AF /* SanFranciscoThin.ttf */ = {isa = PBXFileReference; name = "SanFranciscoThin.ttf"; path = "../node_modules/native-base/Fonts/SanFranciscoThin.ttf"; sourceTree = "<group>"; fileEncoding = undefined; lastKnownFileType = unknown; explicitFileType = undefined; includeInIndex = 0; };
		ACB610A7AEA44B3BA7B19386 /* SF-UI-Text-Regular.otf */ = {isa = PBXFileReference; name = "SF-UI-Text-Regular.otf"; path = "../node_modules/native-base/Fonts/SF-UI-Text-Regular.otf"; sourceTree = "<group>"; fileEncoding = undefined; lastKnownFileType = unknown; explicitFileType = undefined; includeInIndex = 0; };
		9DBE11D85BE048A5B6658FD5 /* Skia.ttf */ = {isa = PBXFileReference; name = "Skia.ttf"; path = "../node_modules/native-base/Fonts/Skia.ttf"; sourceTree = "<group>"; fileEncoding = undefined; lastKnownFileType = unknown; explicitFileType = undefined; includeInIndex = 0; };
		89C519D9247F4B81AB1FC820 /* Times New Roman.ttf */ = {isa = PBXFileReference; name = "Times New Roman.ttf"; path = "../node_modules/native-base/Fonts/Times New Roman.ttf"; sourceTree = "<group>"; fileEncoding = undefined; lastKnownFileType = unknown; explicitFileType = undefined; includeInIndex = 0; };
		A4FCBB1FF7BB4A1A94B5FC68 /* Zocial.ttf */ = {isa = PBXFileReference; name = "Zocial.ttf"; path = "../node_modules/native-base/Fonts/Zocial.ttf"; sourceTree = "<group>"; fileEncoding = undefined; lastKnownFileType = unknown; explicitFileType = undefined; includeInIndex = 0; };
/* End PBXFileReference section */

/* Begin PBXFrameworksBuildPhase section */
		00E356EB1AD99517003FC87E /* Frameworks */ = {
			isa = PBXFrameworksBuildPhase;
			buildActionMask = 2147483647;
			files = (
				140ED2AC1D01E1AD002B40FF /* libReact.a in Frameworks */,
			);
			runOnlyForDeploymentPostprocessing = 0;
		};
		13B07F8C1A680F5B00A75B9A /* Frameworks */ = {
			isa = PBXFrameworksBuildPhase;
			buildActionMask = 2147483647;
			files = (
				146834051AC3E58100842450 /* libReact.a in Frameworks */,
				00C302E51ABCBA2D00DB3ED1 /* libRCTActionSheet.a in Frameworks */,
				00C302E71ABCBA2D00DB3ED1 /* libRCTGeolocation.a in Frameworks */,
				00C302E81ABCBA2D00DB3ED1 /* libRCTImage.a in Frameworks */,
				133E29F31AD74F7200F7D852 /* libRCTLinking.a in Frameworks */,
				00C302E91ABCBA2D00DB3ED1 /* libRCTNetwork.a in Frameworks */,
				139105C61AF99C1200B5F7CC /* libRCTSettings.a in Frameworks */,
				832341BD1AAA6AB300B99B32 /* libRCTText.a in Frameworks */,
				00C302EA1ABCBA2D00DB3ED1 /* libRCTVibration.a in Frameworks */,
				139FDEF61B0652A700C62182 /* libRCTWebSocket.a in Frameworks */,
				B1EDA3099B4E4A68AC7A0688 /* libSplashScreen.a in Frameworks */,
				C6EAE6C2EC2643C296848D6C /* libRNVectorIcons.a in Frameworks */,
				87333C542F854B4594F307AC /* libRCTVideo.a in Frameworks */,
				7EAAE7E736804CB4BECE4CEB /* libBVLinearGradient.a in Frameworks */,
				CC42760B31B54C348DEFEC46 /* libRNShare.a in Frameworks */,
			);
			runOnlyForDeploymentPostprocessing = 0;
		};
/* End PBXFrameworksBuildPhase section */

/* Begin PBXGroup section */
		00C302A81ABCB8CE00DB3ED1 /* Products */ = {
			isa = PBXGroup;
			children = (
				00C302AC1ABCB8CE00DB3ED1 /* libRCTActionSheet.a */,
			);
			name = Products;
			sourceTree = "<group>";
		};
		00C302B61ABCB90400DB3ED1 /* Products */ = {
			isa = PBXGroup;
			children = (
				00C302BA1ABCB90400DB3ED1 /* libRCTGeolocation.a */,
			);
			name = Products;
			sourceTree = "<group>";
		};
		00C302BC1ABCB91800DB3ED1 /* Products */ = {
			isa = PBXGroup;
			children = (
				00C302C01ABCB91800DB3ED1 /* libRCTImage.a */,
			);
			name = Products;
			sourceTree = "<group>";
		};
		00C302D41ABCB9D200DB3ED1 /* Products */ = {
			isa = PBXGroup;
			children = (
				00C302DC1ABCB9D200DB3ED1 /* libRCTNetwork.a */,
			);
			name = Products;
			sourceTree = "<group>";
		};
		00C302E01ABCB9EE00DB3ED1 /* Products */ = {
			isa = PBXGroup;
			children = (
				00C302E41ABCB9EE00DB3ED1 /* libRCTVibration.a */,
			);
			name = Products;
			sourceTree = "<group>";
		};
		00E356EF1AD99517003FC87E /* hireasyTests */ = {
			isa = PBXGroup;
			children = (
				00E356F21AD99517003FC87E /* hireasyTests.m */,
				00E356F01AD99517003FC87E /* Supporting Files */,
			);
			path = hireasyTests;
			sourceTree = "<group>";
		};
		00E356F01AD99517003FC87E /* Supporting Files */ = {
			isa = PBXGroup;
			children = (
				00E356F11AD99517003FC87E /* Info.plist */,
			);
			name = "Supporting Files";
			sourceTree = "<group>";
		};
		139105B71AF99BAD00B5F7CC /* Products */ = {
			isa = PBXGroup;
			children = (
				139105C11AF99BAD00B5F7CC /* libRCTSettings.a */,
			);
			name = Products;
			sourceTree = "<group>";
		};
		139FDEE71B06529A00C62182 /* Products */ = {
			isa = PBXGroup;
			children = (
				139FDEF41B06529B00C62182 /* libRCTWebSocket.a */,
			);
			name = Products;
			sourceTree = "<group>";
		};
		13B07FAE1A68108700A75B9A /* hireasy */ = {
			isa = PBXGroup;
			children = (
				008F07F21AC5B25A0029DE68 /* main.jsbundle */,
				13B07FAF1A68108700A75B9A /* AppDelegate.h */,
				13B07FB01A68108700A75B9A /* AppDelegate.m */,
				13B07FB51A68108700A75B9A /* Images.xcassets */,
				13B07FB61A68108700A75B9A /* Info.plist */,
				13B07FB11A68108700A75B9A /* LaunchScreen.xib */,
				13B07FB71A68108700A75B9A /* main.m */,
			);
			name = hireasy;
			sourceTree = "<group>";
		};
		146834001AC3E56700842450 /* Products */ = {
			isa = PBXGroup;
			children = (
				146834041AC3E56700842450 /* libReact.a */,
			);
			name = Products;
			sourceTree = "<group>";
		};
		78C398B11ACF4ADC00677621 /* Products */ = {
			isa = PBXGroup;
			children = (
				78C398B91ACF4ADC00677621 /* libRCTLinking.a */,
			);
			name = Products;
			sourceTree = "<group>";
		};
		832341AE1AAA6A7D00B99B32 /* Libraries */ = {
			isa = PBXGroup;
			children = (
				146833FF1AC3E56700842450 /* React.xcodeproj */,
				00C302A71ABCB8CE00DB3ED1 /* RCTActionSheet.xcodeproj */,
				00C302B51ABCB90400DB3ED1 /* RCTGeolocation.xcodeproj */,
				00C302BB1ABCB91800DB3ED1 /* RCTImage.xcodeproj */,
				78C398B01ACF4ADC00677621 /* RCTLinking.xcodeproj */,
				00C302D31ABCB9D200DB3ED1 /* RCTNetwork.xcodeproj */,
				139105B61AF99BAD00B5F7CC /* RCTSettings.xcodeproj */,
				832341B01AAA6A8300B99B32 /* RCTText.xcodeproj */,
				00C302DF1ABCB9EE00DB3ED1 /* RCTVibration.xcodeproj */,
				139FDEE61B06529A00C62182 /* RCTWebSocket.xcodeproj */,
				3D4ADEF4E61A44E6812E2296 /* SplashScreen.xcodeproj */,
				BBB8F063A2934330ABB2ABC5 /* RNVectorIcons.xcodeproj */,
				D5B80A354F764BBBA4A0425E /* RCTVideo.xcodeproj */,
				835A1258DC5C46E8AA8C12D2 /* BVLinearGradient.xcodeproj */,
				6027BAFAFF244AD3B6B903E5 /* RNShare.xcodeproj */,
			);
			name = Libraries;
			sourceTree = "<group>";
		};
		832341B11AAA6A8300B99B32 /* Products */ = {
			isa = PBXGroup;
			children = (
				832341B51AAA6A8300B99B32 /* libRCTText.a */,
			);
			name = Products;
			sourceTree = "<group>";
		};
		83CBB9F61A601CBA00E9B192 = {
			isa = PBXGroup;
			children = (
				13B07FAE1A68108700A75B9A /* hireasy */,
				832341AE1AAA6A7D00B99B32 /* Libraries */,
				00E356EF1AD99517003FC87E /* hireasyTests */,
				83CBBA001A601CBA00E9B192 /* Products */,
				F301EAF33FFF4AEDB7F11D6F /* Resources */,
			);
			indentWidth = 2;
			sourceTree = "<group>";
			tabWidth = 2;
		};
		83CBBA001A601CBA00E9B192 /* Products */ = {
			isa = PBXGroup;
			children = (
				13B07F961A680F5B00A75B9A /* hireasy.app */,
				00E356EE1AD99517003FC87E /* hireasyTests.xctest */,
			);
			name = Products;
			sourceTree = "<group>";
		};
		F301EAF33FFF4AEDB7F11D6F /* Resources */ = {
			isa = PBXGroup;
			children = (
				8F214D1BC7054D8EA707B9D8 /* Entypo.ttf */,
				D51C3AEFAFF44F77815EAA39 /* EvilIcons.ttf */,
				E4D8F65DD5A3430E9CD20AEE /* FontAwesome.ttf */,
				1E6DBBB3440040D9AC2DC634 /* Foundation.ttf */,
				14EE4B99EB0649CDB2FF4AD6 /* Ionicons.ttf */,
				65850A8B04E64C31A69884F2 /* MaterialIcons.ttf */,
				0C75A54D1E9E4DF1AC0CACA0 /* Octicons.ttf */,
				0DA8D3BBC63840A996C9E944 /* SimpleLineIcons.ttf */,
				EA6D2C8545534788BEFB0054 /* Zocial.ttf */,
				51FF7DB53DC84227A63B2CE1 /* rubicon-icon-font.ttf */,
				25BAC50C774942D99175536F /* Rubik-Black.ttf */,
				13D1298AC5324ED5A6CE7DDA /* Rubik-BlackItalic.ttf */,
				36008319EC0D414A96F98D94 /* Rubik-Bold.ttf */,
				3D1FAC32600C47B5BBBE3A85 /* Rubik-BoldItalic.ttf */,
				07119EA25EED480AB40C0116 /* Rubik-Italic.ttf */,
				758ABBEFA56246049D5AFD64 /* Rubik-Light.ttf */,
				097792EE294449A799AADE55 /* Rubik-LightItalic.ttf */,
				1885D5442E6B41C99CE31255 /* Rubik-Medium.ttf */,
				92129054CE6848B7A9562336 /* Rubik-MediumItalic.ttf */,
				E81DD1BD5B554173BB15B541 /* Rubik-Regular.ttf */,
				CB31B578E1BD4D3B89106F0B /* MaterialCommunityIcons.ttf */,
				B3C4A0D9A62F4FD186E07A7B /* Andale Mono.ttf */,
				96B2CC8DC3DB4D31956685B2 /* Arial Black.ttf */,
				52672463FF584993BDC6B4B2 /* Arial.ttf */,
				BEF24EE8EE2A46F0923871BA /* Comic Sans MS.ttf */,
				B9E7AF77B988467D9EBA7D41 /* Courier New.ttf */,
				F1AA92617B274C26AAAEE4D6 /* Entypo.ttf */,
				EB338E1F43DA4A388E152433 /* EvilIcons.ttf */,
				55DCF11EF649458D95774EE8 /* FontAwesome.ttf */,
				EF95966113A94788B413B5CF /* Foundation.ttf */,
				FEFF48495762455F85A5C884 /* Georgia.ttf */,
				05999BA78F9B49239C256E11 /* Ionicons.ttf */,
				01F566E284A247108C4DA086 /* MaterialIcons.ttf */,
				C3E21002E140411B8B054CA7 /* Microsoft Sans Serif.ttf */,
				716A2D0218004D5EA15A3B5F /* Octicons.ttf */,
				89BB6CC251F741C0B58CD369 /* Roboto_medium.ttf */,
				9EB97C09D5A545F0AC164094 /* Roboto.ttf */,
				0ABA3C0A6D69452C9229C9E2 /* rubicon-icon-font.ttf */,
				70279B77C7C7405BA5D0B469 /* Rubik-Black.ttf */,
				35482146FC914DFCB6BE494F /* Rubik-BlackItalic.ttf */,
				FD3663FD5B904E5B924D1DE1 /* Rubik-Bold.ttf */,
				4216415E08834D46AE792124 /* Rubik-BoldItalic.ttf */,
				D3B72F2B369D4D0E8ACC352F /* Rubik-Italic.ttf */,
				F7524A8F36564F18BED12C8F /* Rubik-Light.ttf */,
				80B18887F7A541D183E676AF /* Rubik-LightItalic.ttf */,
				A73484385F994933B9F238C1 /* Rubik-Medium.ttf */,
				F7D25056A935457B8FE61AE4 /* Rubik-MediumItalic.ttf */,
				1DE90D5C9D08448C9D723C1D /* Rubik-Regular.ttf */,
				AC0B6C89C4D44B9C8BCB4ED0 /* SanFrancisco.ttf */,
				162C630FF1504412A94E007C /* SanFranciscoBold.ttf */,
				FE1E7ABC8F9D46248FA966AF /* SanFranciscoThin.ttf */,
				ACB610A7AEA44B3BA7B19386 /* SF-UI-Text-Regular.otf */,
				9DBE11D85BE048A5B6658FD5 /* Skia.ttf */,
				89C519D9247F4B81AB1FC820 /* Times New Roman.ttf */,
				A4FCBB1FF7BB4A1A94B5FC68 /* Zocial.ttf */,
			);
			name = Resources;
			path = "";
			sourceTree = "<group>";
		};
/* End PBXGroup section */

/* Begin PBXNativeTarget section */
		00E356ED1AD99517003FC87E /* hireasyTests */ = {
			isa = PBXNativeTarget;
			buildConfigurationList = 00E357021AD99517003FC87E /* Build configuration list for PBXNativeTarget "hireasyTests" */;
			buildPhases = (
				00E356EA1AD99517003FC87E /* Sources */,
				00E356EB1AD99517003FC87E /* Frameworks */,
				00E356EC1AD99517003FC87E /* Resources */,
			);
			buildRules = (
			);
			dependencies = (
				00E356F51AD99517003FC87E /* PBXTargetDependency */,
			);
			name = hireasyTests;
			productName = hireasyTests;
			productReference = 00E356EE1AD99517003FC87E /* hireasyTests.xctest */;
			productType = "com.apple.product-type.bundle.unit-test";
		};
		13B07F861A680F5B00A75B9A /* hireasy */ = {
			isa = PBXNativeTarget;
			buildConfigurationList = 13B07F931A680F5B00A75B9A /* Build configuration list for PBXNativeTarget "hireasy" */;
			buildPhases = (
				13B07F871A680F5B00A75B9A /* Sources */,
				13B07F8C1A680F5B00A75B9A /* Frameworks */,
				13B07F8E1A680F5B00A75B9A /* Resources */,
				00DD1BFF1BD5951E006B06BC /* Bundle React Native code and images */,
			);
			buildRules = (
			);
			dependencies = (
			);
			name = hireasy;
			productName = "Hello World";
			productReference = 13B07F961A680F5B00A75B9A /* hireasy.app */;
			productType = "com.apple.product-type.application";
		};
/* End PBXNativeTarget section */

/* Begin PBXProject section */
		83CBB9F71A601CBA00E9B192 /* Project object */ = {
			isa = PBXProject;
			attributes = {
				LastUpgradeCheck = 610;
				ORGANIZATIONNAME = Facebook;
				TargetAttributes = {
					00E356ED1AD99517003FC87E = {
						CreatedOnToolsVersion = 6.2;
						TestTargetID = 13B07F861A680F5B00A75B9A;
					};
				};
			};
			buildConfigurationList = 83CBB9FA1A601CBA00E9B192 /* Build configuration list for PBXProject "hireasy" */;
			compatibilityVersion = "Xcode 3.2";
			developmentRegion = English;
			hasScannedForEncodings = 0;
			knownRegions = (
				en,
				Base,
			);
			mainGroup = 83CBB9F61A601CBA00E9B192;
			productRefGroup = 83CBBA001A601CBA00E9B192 /* Products */;
			projectDirPath = "";
			projectReferences = (
				{
					ProductGroup = 00C302A81ABCB8CE00DB3ED1 /* Products */;
					ProjectRef = 00C302A71ABCB8CE00DB3ED1 /* RCTActionSheet.xcodeproj */;
				},
				{
					ProductGroup = 00C302B61ABCB90400DB3ED1 /* Products */;
					ProjectRef = 00C302B51ABCB90400DB3ED1 /* RCTGeolocation.xcodeproj */;
				},
				{
					ProductGroup = 00C302BC1ABCB91800DB3ED1 /* Products */;
					ProjectRef = 00C302BB1ABCB91800DB3ED1 /* RCTImage.xcodeproj */;
				},
				{
					ProductGroup = 78C398B11ACF4ADC00677621 /* Products */;
					ProjectRef = 78C398B01ACF4ADC00677621 /* RCTLinking.xcodeproj */;
				},
				{
					ProductGroup = 00C302D41ABCB9D200DB3ED1 /* Products */;
					ProjectRef = 00C302D31ABCB9D200DB3ED1 /* RCTNetwork.xcodeproj */;
				},
				{
					ProductGroup = 139105B71AF99BAD00B5F7CC /* Products */;
					ProjectRef = 139105B61AF99BAD00B5F7CC /* RCTSettings.xcodeproj */;
				},
				{
					ProductGroup = 832341B11AAA6A8300B99B32 /* Products */;
					ProjectRef = 832341B01AAA6A8300B99B32 /* RCTText.xcodeproj */;
				},
				{
					ProductGroup = 00C302E01ABCB9EE00DB3ED1 /* Products */;
					ProjectRef = 00C302DF1ABCB9EE00DB3ED1 /* RCTVibration.xcodeproj */;
				},
				{
					ProductGroup = 139FDEE71B06529A00C62182 /* Products */;
					ProjectRef = 139FDEE61B06529A00C62182 /* RCTWebSocket.xcodeproj */;
				},
				{
					ProductGroup = 146834001AC3E56700842450 /* Products */;
					ProjectRef = 146833FF1AC3E56700842450 /* React.xcodeproj */;
				},
			);
			projectRoot = "";
			targets = (
				13B07F861A680F5B00A75B9A /* hireasy */,
				00E356ED1AD99517003FC87E /* hireasyTests */,
			);
		};
/* End PBXProject section */

/* Begin PBXReferenceProxy section */
		00C302AC1ABCB8CE00DB3ED1 /* libRCTActionSheet.a */ = {
			isa = PBXReferenceProxy;
			fileType = archive.ar;
			path = libRCTActionSheet.a;
			remoteRef = 00C302AB1ABCB8CE00DB3ED1 /* PBXContainerItemProxy */;
			sourceTree = BUILT_PRODUCTS_DIR;
		};
		00C302BA1ABCB90400DB3ED1 /* libRCTGeolocation.a */ = {
			isa = PBXReferenceProxy;
			fileType = archive.ar;
			path = libRCTGeolocation.a;
			remoteRef = 00C302B91ABCB90400DB3ED1 /* PBXContainerItemProxy */;
			sourceTree = BUILT_PRODUCTS_DIR;
		};
		00C302C01ABCB91800DB3ED1 /* libRCTImage.a */ = {
			isa = PBXReferenceProxy;
			fileType = archive.ar;
			path = libRCTImage.a;
			remoteRef = 00C302BF1ABCB91800DB3ED1 /* PBXContainerItemProxy */;
			sourceTree = BUILT_PRODUCTS_DIR;
		};
		00C302DC1ABCB9D200DB3ED1 /* libRCTNetwork.a */ = {
			isa = PBXReferenceProxy;
			fileType = archive.ar;
			path = libRCTNetwork.a;
			remoteRef = 00C302DB1ABCB9D200DB3ED1 /* PBXContainerItemProxy */;
			sourceTree = BUILT_PRODUCTS_DIR;
		};
		00C302E41ABCB9EE00DB3ED1 /* libRCTVibration.a */ = {
			isa = PBXReferenceProxy;
			fileType = archive.ar;
			path = libRCTVibration.a;
			remoteRef = 00C302E31ABCB9EE00DB3ED1 /* PBXContainerItemProxy */;
			sourceTree = BUILT_PRODUCTS_DIR;
		};
		139105C11AF99BAD00B5F7CC /* libRCTSettings.a */ = {
			isa = PBXReferenceProxy;
			fileType = archive.ar;
			path = libRCTSettings.a;
			remoteRef = 139105C01AF99BAD00B5F7CC /* PBXContainerItemProxy */;
			sourceTree = BUILT_PRODUCTS_DIR;
		};
		139FDEF41B06529B00C62182 /* libRCTWebSocket.a */ = {
			isa = PBXReferenceProxy;
			fileType = archive.ar;
			path = libRCTWebSocket.a;
			remoteRef = 139FDEF31B06529B00C62182 /* PBXContainerItemProxy */;
			sourceTree = BUILT_PRODUCTS_DIR;
		};
		146834041AC3E56700842450 /* libReact.a */ = {
			isa = PBXReferenceProxy;
			fileType = archive.ar;
			path = libReact.a;
			remoteRef = 146834031AC3E56700842450 /* PBXContainerItemProxy */;
			sourceTree = BUILT_PRODUCTS_DIR;
		};
		78C398B91ACF4ADC00677621 /* libRCTLinking.a */ = {
			isa = PBXReferenceProxy;
			fileType = archive.ar;
			path = libRCTLinking.a;
			remoteRef = 78C398B81ACF4ADC00677621 /* PBXContainerItemProxy */;
			sourceTree = BUILT_PRODUCTS_DIR;
		};
		832341B51AAA6A8300B99B32 /* libRCTText.a */ = {
			isa = PBXReferenceProxy;
			fileType = archive.ar;
			path = libRCTText.a;
			remoteRef = 832341B41AAA6A8300B99B32 /* PBXContainerItemProxy */;
			sourceTree = BUILT_PRODUCTS_DIR;
		};
/* End PBXReferenceProxy section */

/* Begin PBXResourcesBuildPhase section */
		00E356EC1AD99517003FC87E /* Resources */ = {
			isa = PBXResourcesBuildPhase;
			buildActionMask = 2147483647;
			files = (
			);
			runOnlyForDeploymentPostprocessing = 0;
		};
		13B07F8E1A680F5B00A75B9A /* Resources */ = {
			isa = PBXResourcesBuildPhase;
			buildActionMask = 2147483647;
			files = (
				13B07FBF1A68108700A75B9A /* Images.xcassets in Resources */,
				13B07FBD1A68108700A75B9A /* LaunchScreen.xib in Resources */,
				5FF1CDB1F25748369F45DE6C /* Entypo.ttf in Resources */,
				1B551E5F09E24A8AA4984C61 /* EvilIcons.ttf in Resources */,
				6BA3FD07D17944868B0F579E /* FontAwesome.ttf in Resources */,
				47A5273EDA9847AE8A08D397 /* Foundation.ttf in Resources */,
				1037246854404DB397A621A7 /* Ionicons.ttf in Resources */,
				517CFC46CB9D412186F5EF50 /* MaterialIcons.ttf in Resources */,
				E029E443366F4930972809B7 /* Octicons.ttf in Resources */,
				6DE3A08D1D354C448A8AE030 /* SimpleLineIcons.ttf in Resources */,
				7978A2F58DE14233ADE3A224 /* Zocial.ttf in Resources */,
				DC5FDBC89959446E9AD47B3A /* rubicon-icon-font.ttf in Resources */,
				CCB356C5F8A341E48F14B02C /* Rubik-Black.ttf in Resources */,
				A1A638C4809E429A954FBDED /* Rubik-BlackItalic.ttf in Resources */,
				14ED51C7D83A4CD3BB959D52 /* Rubik-Bold.ttf in Resources */,
				07E0A0B87CC94228B35B9782 /* Rubik-BoldItalic.ttf in Resources */,
				C5B99ACFB6A04FA5B36BEE69 /* Rubik-Italic.ttf in Resources */,
				02D80A8D562648CCA1BA5BB6 /* Rubik-Light.ttf in Resources */,
				C94357BB77B64582932A2891 /* Rubik-LightItalic.ttf in Resources */,
				F0B13CFBF7EC44A5B3EAC828 /* Rubik-Medium.ttf in Resources */,
				73C5080F5EA24B7BAA947DF7 /* Rubik-MediumItalic.ttf in Resources */,
				AC5CCDB5A33943F881689D03 /* Rubik-Regular.ttf in Resources */,
				FDB9B2937B544E7F8136AA07 /* MaterialCommunityIcons.ttf in Resources */,
				C9CA6C68D02C49C88D874BB0 /* Andale Mono.ttf in Resources */,
				F2ABA1DEFD544E2190BFBC23 /* Arial Black.ttf in Resources */,
				70CAD3FCFD8E4250945E10BC /* Arial.ttf in Resources */,
				478741C330E24ACFBDDAE0A7 /* Comic Sans MS.ttf in Resources */,
				186074194EAD46249DD8D751 /* Courier New.ttf in Resources */,
				912033C270FF4E7F9199363F /* Entypo.ttf in Resources */,
				FEC350CEDC48484DAE7B2FA4 /* EvilIcons.ttf in Resources */,
				313F76481C4A41898A5FE9C1 /* FontAwesome.ttf in Resources */,
				94E21E99584A40529C8BEC04 /* Foundation.ttf in Resources */,
				D386B66831D944DDBBE827D9 /* Georgia.ttf in Resources */,
				5C09B5602A71474BA3006DEF /* Ionicons.ttf in Resources */,
				31EAE8EFA4F6429F926ACEC5 /* MaterialIcons.ttf in Resources */,
				F756DD9C522A4E07BD85EE40 /* Microsoft Sans Serif.ttf in Resources */,
				0E19261C295048198EE33B23 /* Octicons.ttf in Resources */,
				0E99E25828FA4036958B3D43 /* Roboto_medium.ttf in Resources */,
				896B5C406CB246B0A31E654E /* Roboto.ttf in Resources */,
				3C27BBFB8F0A4853B777248C /* rubicon-icon-font.ttf in Resources */,
				30C8E0DD76AE4E2AB8C1C49D /* Rubik-Black.ttf in Resources */,
				7AB293E6A19840E1B7DAC5B1 /* Rubik-BlackItalic.ttf in Resources */,
				345887AD7A944C598038D1D3 /* Rubik-Bold.ttf in Resources */,
				EBDCDCAA2CB04A5C9F3C5AD0 /* Rubik-BoldItalic.ttf in Resources */,
				23F7F6D1743F47ECAA6CC9B8 /* Rubik-Italic.ttf in Resources */,
				3FB125C9FD1D43F99B2B1192 /* Rubik-Light.ttf in Resources */,
				C8D3DCB399534BAAAA841B71 /* Rubik-LightItalic.ttf in Resources */,
				3C48AD64F56E4F449AD481A5 /* Rubik-Medium.ttf in Resources */,
				6CCEF452217F4D75B6294EBD /* Rubik-MediumItalic.ttf in Resources */,
				AEAC754D8B0D4B398EF678AC /* Rubik-Regular.ttf in Resources */,
				A4DB9F8D88B94CF0BE138AEC /* SanFrancisco.ttf in Resources */,
				BEF4B40F9F204E4887284624 /* SanFranciscoBold.ttf in Resources */,
				A8DC8FDB25D04B1FAC7B54EA /* SanFranciscoThin.ttf in Resources */,
				1727F633FC3045EC90EB51B8 /* SF-UI-Text-Regular.otf in Resources */,
				02A03BF1963F4E82808DB6CA /* Skia.ttf in Resources */,
				9DAB3AA9828345E08F43E992 /* Times New Roman.ttf in Resources */,
				FE200D0DC72142FAB25B3605 /* Zocial.ttf in Resources */,
			);
			runOnlyForDeploymentPostprocessing = 0;
		};
/* End PBXResourcesBuildPhase section */

/* Begin PBXShellScriptBuildPhase section */
		00DD1BFF1BD5951E006B06BC /* Bundle React Native code and images */ = {
			isa = PBXShellScriptBuildPhase;
			buildActionMask = 2147483647;
			files = (
			);
			inputPaths = (
			);
			name = "Bundle React Native code and images";
			outputPaths = (
			);
			runOnlyForDeploymentPostprocessing = 0;
			shellPath = /bin/sh;
			shellScript = "export NODE_BINARY=node\n../node_modules/react-native/packager/react-native-xcode.sh";
			showEnvVarsInLog = 1;
		};
/* End PBXShellScriptBuildPhase section */

/* Begin PBXSourcesBuildPhase section */
		00E356EA1AD99517003FC87E /* Sources */ = {
			isa = PBXSourcesBuildPhase;
			buildActionMask = 2147483647;
			files = (
				00E356F31AD99517003FC87E /* hireasyTests.m in Sources */,
			);
			runOnlyForDeploymentPostprocessing = 0;
		};
		13B07F871A680F5B00A75B9A /* Sources */ = {
			isa = PBXSourcesBuildPhase;
			buildActionMask = 2147483647;
			files = (
				13B07FBC1A68108700A75B9A /* AppDelegate.m in Sources */,
				13B07FC11A68108700A75B9A /* main.m in Sources */,
			);
			runOnlyForDeploymentPostprocessing = 0;
		};
/* End PBXSourcesBuildPhase section */

/* Begin PBXTargetDependency section */
		00E356F51AD99517003FC87E /* PBXTargetDependency */ = {
			isa = PBXTargetDependency;
			target = 13B07F861A680F5B00A75B9A /* hireasy */;
			targetProxy = 00E356F41AD99517003FC87E /* PBXContainerItemProxy */;
		};
/* End PBXTargetDependency section */

/* Begin PBXVariantGroup section */
		13B07FB11A68108700A75B9A /* LaunchScreen.xib */ = {
			isa = PBXVariantGroup;
			children = (
				13B07FB21A68108700A75B9A /* Base */,
			);
			name = LaunchScreen.xib;
			path = hireasy;
			sourceTree = "<group>";
		};
/* End PBXVariantGroup section */

/* Begin XCBuildConfiguration section */
		00E356F61AD99517003FC87E /* Debug */ = {
			isa = XCBuildConfiguration;
			buildSettings = {
				BUNDLE_LOADER = "$(TEST_HOST)";
				GCC_PREPROCESSOR_DEFINITIONS = (
					"DEBUG=1",
					"$(inherited)",
				);
				INFOPLIST_FILE = hireasyTests/Info.plist;
				IPHONEOS_DEPLOYMENT_TARGET = 8.0;
				LD_RUNPATH_SEARCH_PATHS = "$(inherited) @executable_path/Frameworks @loader_path/Frameworks";
				PRODUCT_NAME = "$(TARGET_NAME)";
				TEST_HOST = "$(BUILT_PRODUCTS_DIR)/hireasy.app/hireasy";
				LIBRARY_SEARCH_PATHS = (
					"$(inherited)",
					"\"$(SRCROOT)/$(TARGET_NAME)\"",
					"\"$(SRCROOT)/$(TARGET_NAME)\"",
					"\"$(SRCROOT)/$(TARGET_NAME)\"",
					"\"$(SRCROOT)/$(TARGET_NAME)\"",
					"\"$(SRCROOT)/$(TARGET_NAME)\"",
				);
			};
			name = Debug;
		};
		00E356F71AD99517003FC87E /* Release */ = {
			isa = XCBuildConfiguration;
			buildSettings = {
				BUNDLE_LOADER = "$(TEST_HOST)";
				COPY_PHASE_STRIP = NO;
				INFOPLIST_FILE = hireasyTests/Info.plist;
				IPHONEOS_DEPLOYMENT_TARGET = 8.0;
				LD_RUNPATH_SEARCH_PATHS = "$(inherited) @executable_path/Frameworks @loader_path/Frameworks";
				PRODUCT_NAME = "$(TARGET_NAME)";
				TEST_HOST = "$(BUILT_PRODUCTS_DIR)/hireasy.app/hireasy";
				LIBRARY_SEARCH_PATHS = (
					"$(inherited)",
					"\"$(SRCROOT)/$(TARGET_NAME)\"",
					"\"$(SRCROOT)/$(TARGET_NAME)\"",
					"\"$(SRCROOT)/$(TARGET_NAME)\"",
					"\"$(SRCROOT)/$(TARGET_NAME)\"",
					"\"$(SRCROOT)/$(TARGET_NAME)\"",
				);
			};
			name = Release;
		};
		13B07F941A680F5B00A75B9A /* Debug */ = {
			isa = XCBuildConfiguration;
			buildSettings = {
				ASSETCATALOG_COMPILER_APPICON_NAME = AppIcon;
				CURRENT_PROJECT_VERSION = 1;
				DEAD_CODE_STRIPPING = NO;
				HEADER_SEARCH_PATHS = (
					"$(inherited)",
					/Applications/Xcode.app/Contents/Developer/Toolchains/XcodeDefault.xctoolchain/usr/include,
					"$(SRCROOT)/../node_modules/react-native/React/**",
					"$(SRCROOT)/../node_modules/react-native-splash-screen/ios",
					"$(SRCROOT)/../node_modules/react-native-vector-icons/RNVectorIconsManager",
					"$(SRCROOT)/../node_modules/react-native-video",
					"$(SRCROOT)/../node_modules/react-native-linear-gradient/BVLinearGradient",
					"$(SRCROOT)/../node_modules/react-native-share/ios",
				);
				INFOPLIST_FILE = "hireasy/Info.plist";
				LD_RUNPATH_SEARCH_PATHS = "$(inherited) @executable_path/Frameworks";
				OTHER_LDFLAGS = (
					"$(inherited)",
					"-ObjC",
					"-lc++",
				);
				PRODUCT_NAME = hireasy;
				VERSIONING_SYSTEM = "apple-generic";
			};
			name = Debug;
		};
		13B07F951A680F5B00A75B9A /* Release */ = {
			isa = XCBuildConfiguration;
			buildSettings = {
				ASSETCATALOG_COMPILER_APPICON_NAME = AppIcon;
				CURRENT_PROJECT_VERSION = 1;
				HEADER_SEARCH_PATHS = (
					"$(inherited)",
					/Applications/Xcode.app/Contents/Developer/Toolchains/XcodeDefault.xctoolchain/usr/include,
					"$(SRCROOT)/../node_modules/react-native/React/**",
					"$(SRCROOT)/../node_modules/react-native-splash-screen/ios",
					"$(SRCROOT)/../node_modules/react-native-vector-icons/RNVectorIconsManager",
					"$(SRCROOT)/../node_modules/react-native-video",
					"$(SRCROOT)/../node_modules/react-native-linear-gradient/BVLinearGradient",
					"$(SRCROOT)/../node_modules/react-native-share/ios",
				);
				INFOPLIST_FILE = "hireasy/Info.plist";
				LD_RUNPATH_SEARCH_PATHS = "$(inherited) @executable_path/Frameworks";
				OTHER_LDFLAGS = (
					"$(inherited)",
					"-ObjC",
					"-lc++",
				);
				PRODUCT_NAME = hireasy;
				VERSIONING_SYSTEM = "apple-generic";
			};
			name = Release;
		};
		83CBBA201A601CBA00E9B192 /* Debug */ = {
			isa = XCBuildConfiguration;
			buildSettings = {
				ALWAYS_SEARCH_USER_PATHS = NO;
				CLANG_CXX_LANGUAGE_STANDARD = "gnu++0x";
				CLANG_CXX_LIBRARY = "libc++";
				CLANG_ENABLE_MODULES = YES;
				CLANG_ENABLE_OBJC_ARC = YES;
				CLANG_WARN_BOOL_CONVERSION = YES;
				CLANG_WARN_CONSTANT_CONVERSION = YES;
				CLANG_WARN_DIRECT_OBJC_ISA_USAGE = YES_ERROR;
				CLANG_WARN_EMPTY_BODY = YES;
				CLANG_WARN_ENUM_CONVERSION = YES;
				CLANG_WARN_INT_CONVERSION = YES;
				CLANG_WARN_OBJC_ROOT_CLASS = YES_ERROR;
				CLANG_WARN_UNREACHABLE_CODE = YES;
				CLANG_WARN__DUPLICATE_METHOD_MATCH = YES;
				"CODE_SIGN_IDENTITY[sdk=iphoneos*]" = "iPhone Developer";
				COPY_PHASE_STRIP = NO;
				ENABLE_STRICT_OBJC_MSGSEND = YES;
				GCC_C_LANGUAGE_STANDARD = gnu99;
				GCC_DYNAMIC_NO_PIC = NO;
				GCC_OPTIMIZATION_LEVEL = 0;
				GCC_PREPROCESSOR_DEFINITIONS = (
					"DEBUG=1",
					"$(inherited)",
				);
				GCC_SYMBOLS_PRIVATE_EXTERN = NO;
				GCC_WARN_64_TO_32_BIT_CONVERSION = YES;
				GCC_WARN_ABOUT_RETURN_TYPE = YES_ERROR;
				GCC_WARN_UNDECLARED_SELECTOR = YES;
				GCC_WARN_UNINITIALIZED_AUTOS = YES_AGGRESSIVE;
				GCC_WARN_UNUSED_FUNCTION = YES;
				GCC_WARN_UNUSED_VARIABLE = YES;
				HEADER_SEARCH_PATHS = (
					"$(inherited)",
					/Applications/Xcode.app/Contents/Developer/Toolchains/XcodeDefault.xctoolchain/usr/include,
					"$(SRCROOT)/../node_modules/react-native/React/**",
					"$(SRCROOT)/../node_modules/react-native-splash-screen/ios",
					"$(SRCROOT)/../node_modules/react-native-vector-icons/RNVectorIconsManager",
					"$(SRCROOT)/../node_modules/react-native-video",
					"$(SRCROOT)/../node_modules/react-native-linear-gradient/BVLinearGradient",
					"$(SRCROOT)/../node_modules/react-native-share/ios",
				);
				IPHONEOS_DEPLOYMENT_TARGET = 8.0;
				MTL_ENABLE_DEBUG_INFO = YES;
				ONLY_ACTIVE_ARCH = YES;
				SDKROOT = iphoneos;
			};
			name = Debug;
		};
		83CBBA211A601CBA00E9B192 /* Release */ = {
			isa = XCBuildConfiguration;
			buildSettings = {
				ALWAYS_SEARCH_USER_PATHS = NO;
				CLANG_CXX_LANGUAGE_STANDARD = "gnu++0x";
				CLANG_CXX_LIBRARY = "libc++";
				CLANG_ENABLE_MODULES = YES;
				CLANG_ENABLE_OBJC_ARC = YES;
				CLANG_WARN_BOOL_CONVERSION = YES;
				CLANG_WARN_CONSTANT_CONVERSION = YES;
				CLANG_WARN_DIRECT_OBJC_ISA_USAGE = YES_ERROR;
				CLANG_WARN_EMPTY_BODY = YES;
				CLANG_WARN_ENUM_CONVERSION = YES;
				CLANG_WARN_INT_CONVERSION = YES;
				CLANG_WARN_OBJC_ROOT_CLASS = YES_ERROR;
				CLANG_WARN_UNREACHABLE_CODE = YES;
				CLANG_WARN__DUPLICATE_METHOD_MATCH = YES;
				"CODE_SIGN_IDENTITY[sdk=iphoneos*]" = "iPhone Developer";
				COPY_PHASE_STRIP = YES;
				ENABLE_NS_ASSERTIONS = NO;
				ENABLE_STRICT_OBJC_MSGSEND = YES;
				GCC_C_LANGUAGE_STANDARD = gnu99;
				GCC_WARN_64_TO_32_BIT_CONVERSION = YES;
				GCC_WARN_ABOUT_RETURN_TYPE = YES_ERROR;
				GCC_WARN_UNDECLARED_SELECTOR = YES;
				GCC_WARN_UNINITIALIZED_AUTOS = YES_AGGRESSIVE;
				GCC_WARN_UNUSED_FUNCTION = YES;
				GCC_WARN_UNUSED_VARIABLE = YES;
				HEADER_SEARCH_PATHS = (
					"$(inherited)",
					/Applications/Xcode.app/Contents/Developer/Toolchains/XcodeDefault.xctoolchain/usr/include,
					"$(SRCROOT)/../node_modules/react-native/React/**",
					"$(SRCROOT)/../node_modules/react-native-splash-screen/ios",
					"$(SRCROOT)/../node_modules/react-native-vector-icons/RNVectorIconsManager",
					"$(SRCROOT)/../node_modules/react-native-video",
					"$(SRCROOT)/../node_modules/react-native-linear-gradient/BVLinearGradient",
					"$(SRCROOT)/../node_modules/react-native-share/ios",
				);
				IPHONEOS_DEPLOYMENT_TARGET = 8.0;
				MTL_ENABLE_DEBUG_INFO = NO;
				SDKROOT = iphoneos;
				VALIDATE_PRODUCT = YES;
			};
			name = Release;
		};
/* End XCBuildConfiguration section */

/* Begin XCConfigurationList section */
		00E357021AD99517003FC87E /* Build configuration list for PBXNativeTarget "hireasyTests" */ = {
			isa = XCConfigurationList;
			buildConfigurations = (
				00E356F61AD99517003FC87E /* Debug */,
				00E356F71AD99517003FC87E /* Release */,
			);
			defaultConfigurationIsVisible = 0;
			defaultConfigurationName = Release;
		};
		13B07F931A680F5B00A75B9A /* Build configuration list for PBXNativeTarget "hireasy" */ = {
			isa = XCConfigurationList;
			buildConfigurations = (
				13B07F941A680F5B00A75B9A /* Debug */,
				13B07F951A680F5B00A75B9A /* Release */,
			);
			defaultConfigurationIsVisible = 0;
			defaultConfigurationName = Release;
		};
		83CBB9FA1A601CBA00E9B192 /* Build configuration list for PBXProject "hireasy" */ = {
			isa = XCConfigurationList;
			buildConfigurations = (
				83CBBA201A601CBA00E9B192 /* Debug */,
				83CBBA211A601CBA00E9B192 /* Release */,
			);
			defaultConfigurationIsVisible = 0;
			defaultConfigurationName = Release;
		};
/* End XCConfigurationList section */
	};
	rootObject = 83CBB9F71A601CBA00E9B192 /* Project object */;
}
